
Microsoft Visual Studio Solution File, Format Version 12.00
# Visual Studio 2012
Project("{f2a71f9b-5d33-465a-a702-920d77279786}") = "AdventCalendar", "AdventCalendar\AdventCalendar.fsproj", "{852ADF94-372E-49A8-97EA-32E2A5FD1472}"
EndProject
Global
	GlobalSection(SolutionConfigurationPlatforms) = preSolution
		Debug|iPhoneSimulator = Debug|iPhoneSimulator
		Release|iPhone = Release|iPhone
		Release|iPhoneSimulator = Release|iPhoneSimulator
		Debug|iPhone = Debug|iPhone
	EndGlobalSection
	GlobalSection(ProjectConfigurationPlatforms) = postSolution
		{852ADF94-372E-49A8-97EA-32E2A5FD1472}.Debug|iPhone.ActiveCfg = Debug|iPhone
		{852ADF94-372E-49A8-97EA-32E2A5FD1472}.Debug|iPhone.Build.0 = Debug|iPhone
		{852ADF94-372E-49A8-97EA-32E2A5FD1472}.Debug|iPhoneSimulator.ActiveCfg = Debug|iPhoneSimulator
		{852ADF94-372E-49A8-97EA-32E2A5FD1472}.Debug|iPhoneSimulator.Build.0 = Debug|iPhoneSimulator
		{852ADF94-372E-49A8-97EA-32E2A5FD1472}.Release|iPhone.ActiveCfg = Release|iPhone
		{852ADF94-372E-49A8-97EA-32E2A5FD1472}.Release|iPhone.Build.0 = Release|iPhone
		{852ADF94-372E-49A8-97EA-32E2A5FD1472}.Release|iPhoneSimulator.ActiveCfg = Release|iPhoneSimulator
		{852ADF94-372E-49A8-97EA-32E2A5FD1472}.Release|iPhoneSimulator.Build.0 = Release|iPhoneSimulator
	EndGlobalSection
EndGlobal
